
Microsoft Visual Studio Solution File, Format Version 12.00
# Visual Studio Version 17
VisualStudioVersion = 17.4.33403.182
MinimumVisualStudioVersion = 10.0.40219.1
Project("{FAE04EC0-301F-11D3-BF4B-00C04F79EFBC}") = "Airport", "Airport.csproj", "{2B4AA66A-B351-4A45-8EF7-75B24D77E60F}"
EndProject
Global
	GlobalSection(SolutionConfigurationPlatforms) = preSolution
		Debug|Any CPU = Debug|Any CPU
		Release|Any CPU = Release|Any CPU
	EndGlobalSection
	GlobalSection(ProjectConfigurationPlatforms) = postSolution
		{2B4AA66A-B351-4A45-8EF7-75B24D77E60F}.Debug|Any CPU.ActiveCfg = Debug|Any CPU
		{2B4AA66A-B351-4A45-8EF7-75B24D77E60F}.Debug|Any CPU.Build.0 = Debug|Any CPU
		{2B4AA66A-B351-4A45-8EF7-75B24D77E60F}.Release|Any CPU.ActiveCfg = Release|Any CPU
		{2B4AA66A-B351-4A45-8EF7-75B24D77E60F}.Release|Any CPU.Build.0 = Release|Any CPU
	EndGlobalSection
	GlobalSection(SolutionProperties) = preSolution
		HideSolutionNode = FALSE
	EndGlobalSection
	GlobalSection(ExtensibilityGlobals) = postSolution
		SolutionGuid = {64989812-3360-46E5-9FFF-384C660A0B33}
	EndGlobalSection
EndGlobal
